
Microsoft Visual Studio Solution File, Format Version 12.00
# Visual Studio Version 17
VisualStudioVersion = 17.8.34330.188
MinimumVisualStudioVersion = 10.0.40219.1
Project("{FAE04EC0-301F-11D3-BF4B-00C04F79EFBC}") = "Api", "Api\Api.csproj", "{479A9A99-7E96-4792-94C0-B09807CBC5DD}"
EndProject
Project("{FAE04EC0-301F-11D3-BF4B-00C04F79EFBC}") = "Api.Tests", "Api.Tests\Api.Tests.csproj", "{9E6247B9-EF0C-4EDC-B37A-FA5369989F71}"
EndProject
Global
	GlobalSection(SolutionConfigurationPlatforms) = preSolution
		Debug|Any CPU = Debug|Any CPU
		Release|Any CPU = Release|Any CPU
	EndGlobalSection
	GlobalSection(ProjectConfigurationPlatforms) = postSolution
		{479A9A99-7E96-4792-94C0-B09807CBC5DD}.Debug|Any CPU.ActiveCfg = Debug|Any CPU
		{479A9A99-7E96-4792-94C0-B09807CBC5DD}.Debug|Any CPU.Build.0 = Debug|Any CPU
		{479A9A99-7E96-4792-94C0-B09807CBC5DD}.Release|Any CPU.ActiveCfg = Release|Any CPU
		{479A9A99-7E96-4792-94C0-B09807CBC5DD}.Release|Any CPU.Build.0 = Release|Any CPU
		{9E6247B9-EF0C-4EDC-B37A-FA5369989F71}.Debug|Any CPU.ActiveCfg = Debug|Any CPU
		{9E6247B9-EF0C-4EDC-B37A-FA5369989F71}.Debug|Any CPU.Build.0 = Debug|Any CPU
		{9E6247B9-EF0C-4EDC-B37A-FA5369989F71}.Release|Any CPU.ActiveCfg = Release|Any CPU
		{9E6247B9-EF0C-4EDC-B37A-FA5369989F71}.Release|Any CPU.Build.0 = Release|Any CPU
	EndGlobalSection
	GlobalSection(SolutionProperties) = preSolution
		HideSolutionNode = FALSE
	EndGlobalSection
	GlobalSection(ExtensibilityGlobals) = postSolution
		SolutionGuid = {01BFCAF6-FED6-4B7F-90F7-F7BAB32E77AC}
	EndGlobalSection
EndGlobal
